
Microsoft Visual Studio Solution File, Format Version 12.00
# Visual Studio Version 17
VisualStudioVersion = 17.13.35931.197
MinimumVisualStudioVersion = 10.0.40219.1
Project("{FAE04EC0-301F-11D3-BF4B-00C04F79EFBC}") = "MergeSortDurableFunctionsApp", "MergeSortDurableFunctionsApp\MergeSortDurableFunctionsApp.csproj", "{06EC3883-3CDF-4E2B-BADF-0ADE9AC4E9FF}"
EndProject
Project("{FAE04EC0-301F-11D3-BF4B-00C04F79EFBC}") = "TableStorageFunctionApp", "TableStorageFunctionApp\TableStorageFunctionApp.csproj", "{A05FC511-CC81-4343-AAA2-55C7E7F7DA44}"
EndProject
Project("{2150E333-8FDC-42A3-9474-1A3956D46DE8}") = "Solution Items", "Solution Items", "{8EC462FD-D22E-90A8-E5CE-7E832BA40C5D}"
	ProjectSection(SolutionItems) = preProject
		SendToGitHub.ps1 = SendToGitHub.ps1
	EndProjectSection
EndProject
Project("{00D1A9C2-B5F0-4AF3-8072-F6C62B433612}") = "FakeCustomers.Database", "PlayWithSQL.Database\FakeCustomers.Database.sqlproj", "{579D9C71-905E-4DBB-BC25-563A1EC6E2B1}"
EndProject
Global
	GlobalSection(SolutionConfigurationPlatforms) = preSolution
		Debug|Any CPU = Debug|Any CPU
		Release|Any CPU = Release|Any CPU
	EndGlobalSection
	GlobalSection(ProjectConfigurationPlatforms) = postSolution
		{06EC3883-3CDF-4E2B-BADF-0ADE9AC4E9FF}.Debug|Any CPU.ActiveCfg = Debug|Any CPU
		{06EC3883-3CDF-4E2B-BADF-0ADE9AC4E9FF}.Debug|Any CPU.Build.0 = Debug|Any CPU
		{06EC3883-3CDF-4E2B-BADF-0ADE9AC4E9FF}.Release|Any CPU.ActiveCfg = Release|Any CPU
		{06EC3883-3CDF-4E2B-BADF-0ADE9AC4E9FF}.Release|Any CPU.Build.0 = Release|Any CPU
		{A05FC511-CC81-4343-AAA2-55C7E7F7DA44}.Debug|Any CPU.ActiveCfg = Debug|Any CPU
		{A05FC511-CC81-4343-AAA2-55C7E7F7DA44}.Debug|Any CPU.Build.0 = Debug|Any CPU
		{A05FC511-CC81-4343-AAA2-55C7E7F7DA44}.Release|Any CPU.ActiveCfg = Release|Any CPU
		{A05FC511-CC81-4343-AAA2-55C7E7F7DA44}.Release|Any CPU.Build.0 = Release|Any CPU
		{579D9C71-905E-4DBB-BC25-563A1EC6E2B1}.Debug|Any CPU.ActiveCfg = Debug|Any CPU
		{579D9C71-905E-4DBB-BC25-563A1EC6E2B1}.Debug|Any CPU.Build.0 = Debug|Any CPU
		{579D9C71-905E-4DBB-BC25-563A1EC6E2B1}.Debug|Any CPU.Deploy.0 = Debug|Any CPU
		{579D9C71-905E-4DBB-BC25-563A1EC6E2B1}.Release|Any CPU.ActiveCfg = Release|Any CPU
		{579D9C71-905E-4DBB-BC25-563A1EC6E2B1}.Release|Any CPU.Build.0 = Release|Any CPU
		{579D9C71-905E-4DBB-BC25-563A1EC6E2B1}.Release|Any CPU.Deploy.0 = Release|Any CPU
	EndGlobalSection
	GlobalSection(SolutionProperties) = preSolution
		HideSolutionNode = FALSE
	EndGlobalSection
	GlobalSection(ExtensibilityGlobals) = postSolution
		SolutionGuid = {810A78ED-0DEE-48BB-8262-29741858281C}
	EndGlobalSection
EndGlobal
